{
  "object": {
    "pins": [
      {
        "package": "CleanroomLogger",
        "repositoryURL": "https://github.com/emaloney/CleanroomLogger.git",
        "state": {
          "branch": null,
          "revision": "fc9959b9c17ddc79fe169c46021c5db1081176c2",
          "version": "6.0.2"
        }
      },
      {
        "package": "Result",
        "repositoryURL": "https://github.com/antitypical/Result.git",
        "state": {
          "branch": null,
          "revision": "7477584259bfce2560a19e06ad9f71db441fff11",
          "version": "3.2.4"
        }
      }
    ]
  },
  "version": 1
}
